
Microsoft Visual Studio Solution File, Format Version 12.00
# Visual Studio Version 17
VisualStudioVersion = 17.9.34728.123
MinimumVisualStudioVersion = 10.0.40219.1
Project("{FAE04EC0-301F-11D3-BF4B-00C04F79EFBC}") = "Vidar", "Vidar\Vidar.csproj", "{F1DBE296-979D-4A29-B610-97AE38A7C319}"
EndProject
Global
	GlobalSection(SolutionConfigurationPlatforms) = preSolution
		Debug|Any CPU = Debug|Any CPU
		Release|Any CPU = Release|Any CPU
	EndGlobalSection
	GlobalSection(ProjectConfigurationPlatforms) = postSolution
		{F1DBE296-979D-4A29-B610-97AE38A7C319}.Debug|Any CPU.ActiveCfg = Debug|Any CPU
		{F1DBE296-979D-4A29-B610-97AE38A7C319}.Debug|Any CPU.Build.0 = Debug|Any CPU
		{F1DBE296-979D-4A29-B610-97AE38A7C319}.Release|Any CPU.ActiveCfg = Release|Any CPU
		{F1DBE296-979D-4A29-B610-97AE38A7C319}.Release|Any CPU.Build.0 = Release|Any CPU
	EndGlobalSection
	GlobalSection(SolutionProperties) = preSolution
		HideSolutionNode = FALSE
	EndGlobalSection
	GlobalSection(ExtensibilityGlobals) = postSolution
		SolutionGuid = {AFD4859B-6524-418B-B4B0-B8C12DDDE4B3}
	EndGlobalSection
EndGlobal
